// !$*UTF8*$!
{
	archiveVersion = 1;
	classes = {
	};
	objectVersion = 77;
	objects = {

/* Begin PBXContainerItemProxy section */
		5A4D86B12DFC669F0087C944 /* PBXContainerItemProxy */ = {
			isa = PBXContainerItemProxy;
			containerPortal = 5A4D86982DFC669E0087C944 /* Project object */;
			proxyType = 1;
			remoteGlobalIDString = 5A4D869F2DFC669E0087C944;
			remoteInfo = CESDKDemo;
		};
		5A4D86BB2DFC669F0087C944 /* PBXContainerItemProxy */ = {
			isa = PBXContainerItemProxy;
			containerPortal = 5A4D86982DFC669E0087C944 /* Project object */;
			proxyType = 1;
			remoteGlobalIDString = 5A4D869F2DFC669E0087C944;
			remoteInfo = CESDKDemo;
		};
/* End PBXContainerItemProxy section */

/* Begin PBXFileReference section */
		5A4D86A02DFC669E0087C944 /* CESDKDemo.app */ = {isa = PBXFileReference; explicitFileType = wrapper.application; includeInIndex = 0; path = CESDKDemo.app; sourceTree = BUILT_PRODUCTS_DIR; };
		5A4D86B02DFC669F0087C944 /* CESDKDemoTests.xctest */ = {isa = PBXFileReference; explicitFileType = wrapper.cfbundle; includeInIndex = 0; path = CESDKDemoTests.xctest; sourceTree = BUILT_PRODUCTS_DIR; };
		5A4D86BA2DFC669F0087C944 /* CESDKDemoUITests.xctest */ = {isa = PBXFileReference; explicitFileType = wrapper.cfbundle; includeInIndex = 0; path = CESDKDemoUITests.xctest; sourceTree = BUILT_PRODUCTS_DIR; };
/* End PBXFileReference section */

/* Begin PBXFileSystemSynchronizedRootGroup section */
		5A4D86A22DFC669E0087C944 /* CESDKDemo */ = {
			isa = PBXFileSystemSynchronizedRootGroup;
			path = CESDKDemo;
			sourceTree = "<group>";
		};
		5A4D86B32DFC669F0087C944 /* CESDKDemoTests */ = {
			isa = PBXFileSystemSynchronizedRootGroup;
			path = CESDKDemoTests;
			sourceTree = "<group>";
		};
		5A4D86BD2DFC669F0087C944 /* CESDKDemoUITests */ = {
			isa = PBXFileSystemSynchronizedRootGroup;
			path = CESDKDemoUITests;
			sourceTree = "<group>";
		};
/* End PBXFileSystemSynchronizedRootGroup section */

/* Begin PBXFrameworksBuildPhase section */
		5A4D869D2DFC669E0087C944 /* Frameworks */ = {
			isa = PBXFrameworksBuildPhase;
			buildActionMask = 2147483647;
			files = (
			);
			runOnlyForDeploymentPostprocessing = 0;
		};
		5A4D86AD2DFC669F0087C944 /* Frameworks */ = {
			isa = PBXFrameworksBuildPhase;
			buildActionMask = 2147483647;
			files = (
			);
			runOnlyForDeploymentPostprocessing = 0;
		};
		5A4D86B72DFC669F0087C944 /* Frameworks */ = {
			isa = PBXFrameworksBuildPhase;
			buildActionMask = 2147483647;
			files = (
			);
			runOnlyForDeploymentPostprocessing = 0;
		};
/* End PBXFrameworksBuildPhase section */

/* Begin PBXGroup section */
		5A4D86972DFC669E0087C944 = {
			isa = PBXGroup;
			children = (
				5A4D86A22DFC669E0087C944 /* CESDKDemo */,
				5A4D86B32DFC669F0087C944 /* CESDKDemoTests */,
				5A4D86BD2DFC669F0087C944 /* CESDKDemoUITests */,
				5A4D86A12DFC669E0087C944 /* Products */,
			);
			sourceTree = "<group>";
		};
		5A4D86A12DFC669E0087C944 /* Products */ = {
			isa = PBXGroup;
			children = (
				5A4D86A02DFC669E0087C944 /* CESDKDemo.app */,
				5A4D86B02DFC669F0087C944 /* CESDKDemoTests.xctest */,
				5A4D86BA2DFC669F0087C944 /* CESDKDemoUITests.xctest */,
			);
			name = Products;
			sourceTree = "<group>";
		};
/* End PBXGroup section */

/* Begin PBXNativeTarget section */
		5A4D869F2DFC669E0087C944 /* CESDKDemo */ = {
			isa = PBXNativeTarget;
			buildConfigurationList = 5A4D86C42DFC669F0087C944 /* Build configuration list for PBXNativeTarget "CESDKDemo" */;
			buildPhases = (
				5A4D869C2DFC669E0087C944 /* Sources */,
				5A4D869D2DFC669E0087C944 /* Frameworks */,
				5A4D869E2DFC669E0087C944 /* Resources */,
			);
			buildRules = (
			);
			dependencies = (
			);
			fileSystemSynchronizedGroups = (
				5A4D86A22DFC669E0087C944 /* CESDKDemo */,
			);
			name = CESDKDemo;
			packageProductDependencies = (
			);
			productName = CESDKDemo;
			productReference = 5A4D86A02DFC669E0087C944 /* CESDKDemo.app */;
			productType = "com.apple.product-type.application";
		};
		5A4D86AF2DFC669F0087C944 /* CESDKDemoTests */ = {
			isa = PBXNativeTarget;
			buildConfigurationList = 5A4D86C72DFC669F0087C944 /* Build configuration list for PBXNativeTarget "CESDKDemoTests" */;
			buildPhases = (
				5A4D86AC2DFC669F0087C944 /* Sources */,
				5A4D86AD2DFC669F0087C944 /* Frameworks */,
				5A4D86AE2DFC669F0087C944 /* Resources */,
			);
			buildRules = (
			);
			dependencies = (
				5A4D86B22DFC669F0087C944 /* PBXTargetDependency */,
			);
			fileSystemSynchronizedGroups = (
				5A4D86B32DFC669F0087C944 /* CESDKDemoTests */,
			);
			name = CESDKDemoTests;
			packageProductDependencies = (
			);
			productName = CESDKDemoTests;
			productReference = 5A4D86B02DFC669F0087C944 /* CESDKDemoTests.xctest */;
			productType = "com.apple.product-type.bundle.unit-test";
		};
		5A4D86B92DFC669F0087C944 /* CESDKDemoUITests */ = {
			isa = PBXNativeTarget;
			buildConfigurationList = 5A4D86CA2DFC669F0087C944 /* Build configuration list for PBXNativeTarget "CESDKDemoUITests" */;
			buildPhases = (
				5A4D86B62DFC669F0087C944 /* Sources */,
				5A4D86B72DFC669F0087C944 /* Frameworks */,
				5A4D86B82DFC669F0087C944 /* Resources */,
			);
			buildRules = (
			);
			dependencies = (
				5A4D86BC2DFC669F0087C944 /* PBXTargetDependency */,
			);
			fileSystemSynchronizedGroups = (
				5A4D86BD2DFC669F0087C944 /* CESDKDemoUITests */,
			);
			name = CESDKDemoUITests;
			packageProductDependencies = (
			);
			productName = CESDKDemoUITests;
			productReference = 5A4D86BA2DFC669F0087C944 /* CESDKDemoUITests.xctest */;
			productType = "com.apple.product-type.bundle.ui-testing";
		};
/* End PBXNativeTarget section */

/* Begin PBXProject section */
		5A4D86982DFC669E0087C944 /* Project object */ = {
			isa = PBXProject;
			attributes = {
				BuildIndependentTargetsInParallel = 1;
				LastSwiftUpdateCheck = 1620;
				LastUpgradeCheck = 1620;
				TargetAttributes = {
					5A4D869F2DFC669E0087C944 = {
						CreatedOnToolsVersion = 16.2;
					};
					5A4D86AF2DFC669F0087C944 = {
						CreatedOnToolsVersion = 16.2;
						TestTargetID = 5A4D869F2DFC669E0087C944;
					};
					5A4D86B92DFC669F0087C944 = {
						CreatedOnToolsVersion = 16.2;
						TestTargetID = 5A4D869F2DFC669E0087C944;
					};
				};
			};
			buildConfigurationList = 5A4D869B2DFC669E0087C944 /* Build configuration list for PBXProject "CESDKDemo" */;
			developmentRegion = en;
			hasScannedForEncodings = 0;
			knownRegions = (
				en,
				Base,
			);
			mainGroup = 5A4D86972DFC669E0087C944;
			minimizedProjectReferenceProxies = 1;
			preferredProjectObjectVersion = 77;
			productRefGroup = 5A4D86A12DFC669E0087C944 /* Products */;
			projectDirPath = "";
			projectRoot = "";
			targets = (
				5A4D869F2DFC669E0087C944 /* CESDKDemo */,
				5A4D86AF2DFC669F0087C944 /* CESDKDemoTests */,
				5A4D86B92DFC669F0087C944 /* CESDKDemoUITests */,
			);
		};
/* End PBXProject section */

/* Begin PBXResourcesBuildPhase section */
		5A4D869E2DFC669E0087C944 /* Resources */ = {
			isa = PBXResourcesBuildPhase;
			buildActionMask = 2147483647;
			files = (
			);
			runOnlyForDeploymentPostprocessing = 0;
		};
		5A4D86AE2DFC669F0087C944 /* Resources */ = {
			isa = PBXResourcesBuildPhase;
			buildActionMask = 2147483647;
			files = (
			);
			runOnlyForDeploymentPostprocessing = 0;
		};
		5A4D86B82DFC669F0087C944 /* Resources */ = {
			isa = PBXResourcesBuildPhase;
			buildActionMask = 2147483647;
			files = (
			);
			runOnlyForDeploymentPostprocessing = 0;
		};
/* End PBXResourcesBuildPhase section */

/* Begin PBXSourcesBuildPhase section */
		5A4D869C2DFC669E0087C944 /* Sources */ = {
			isa = PBXSourcesBuildPhase;
			buildActionMask = 2147483647;
			files = (
			);
			runOnlyForDeploymentPostprocessing = 0;
		};
		5A4D86AC2DFC669F0087C944 /* Sources */ = {
			isa = PBXSourcesBuildPhase;
			buildActionMask = 2147483647;
			files = (
			);
			runOnlyForDeploymentPostprocessing = 0;
		};
		5A4D86B62DFC669F0087C944 /* Sources */ = {
			isa = PBXSourcesBuildPhase;
			buildActionMask = 2147483647;
			files = (
			);
			runOnlyForDeploymentPostprocessing = 0;
		};
/* End PBXSourcesBuildPhase section */

/* Begin PBXTargetDependency section */
		5A4D86B22DFC669F0087C944 /* PBXTargetDependency */ = {
			isa = PBXTargetDependency;
			target = 5A4D869F2DFC669E0087C944 /* CESDKDemo */;
			targetProxy = 5A4D86B12DFC669F0087C944 /* PBXContainerItemProxy */;
		};
		5A4D86BC2DFC669F0087C944 /* PBXTargetDependency */ = {
			isa = PBXTargetDependency;
			target = 5A4D869F2DFC669E0087C944 /* CESDKDemo */;
			targetProxy = 5A4D86BB2DFC669F0087C944 /* PBXContainerItemProxy */;
		};
/* End PBXTargetDependency section */

/* Begin XCBuildConfiguration section */
		5A4D86C22DFC669F0087C944 /* Debug */ = {
			isa = XCBuildConfiguration;
			buildSettings = {
				ALWAYS_SEARCH_USER_PATHS = NO;
				ASSETCATALOG_COMPILER_GENERATE_SWIFT_ASSET_SYMBOL_EXTENSIONS = YES;
				CLANG_ANALYZER_NONNULL = YES;
				CLANG_ANALYZER_NUMBER_OBJECT_CONVERSION = YES_AGGRESSIVE;
				CLANG_CXX_LANGUAGE_STANDARD = "gnu++20";
				CLANG_ENABLE_MODULES = YES;
				CLANG_ENABLE_OBJC_ARC = YES;
				CLANG_ENABLE_OBJC_WEAK = YES;
				CLANG_WARN_BLOCK_CAPTURE_AUTORELEASING = YES;
				CLANG_WARN_BOOL_CONVERSION = YES;
				CLANG_WARN_COMMA = YES;
				CLANG_WARN_CONSTANT_CONVERSION = YES;
				CLANG_WARN_DEPRECATED_OBJC_IMPLEMENTATIONS = YES;
				CLANG_WARN_DIRECT_OBJC_ISA_USAGE = YES_ERROR;
				CLANG_WARN_DOCUMENTATION_COMMENTS = YES;
				CLANG_WARN_EMPTY_BODY = YES;
				CLANG_WARN_ENUM_CONVERSION = YES;
				CLANG_WARN_INFINITE_RECURSION = YES;
				CLANG_WARN_INT_CONVERSION = YES;
				CLANG_WARN_NON_LITERAL_NULL_CONVERSION = YES;
				CLANG_WARN_OBJC_IMPLICIT_RETAIN_SELF = YES;
				CLANG_WARN_OBJC_LITERAL_CONVERSION = YES;
				CLANG_WARN_OBJC_ROOT_CLASS = YES_ERROR;
				CLANG_WARN_QUOTED_INCLUDE_IN_FRAMEWORK_HEADER = YES;
				CLANG_WARN_RANGE_LOOP_ANALYSIS = YES;
				CLANG_WARN_STRICT_PROTOTYPES = YES;
				CLANG_WARN_SUSPICIOUS_MOVE = YES;
				CLANG_WARN_UNGUARDED_AVAILABILITY = YES_AGGRESSIVE;
				CLANG_WARN_UNREACHABLE_CODE = YES;
				CLANG_WARN__DUPLICATE_METHOD_MATCH = YES;
				COPY_PHASE_STRIP = NO;
				DEBUG_INFORMATION_FORMAT = dwarf;
				ENABLE_STRICT_OBJC_MSGSEND = YES;
				ENABLE_TESTABILITY = YES;
				ENABLE_USER_SCRIPT_SANDBOXING = YES;
				GCC_C_LANGUAGE_STANDARD = gnu17;
				GCC_DYNAMIC_NO_PIC = NO;
				GCC_NO_COMMON_BLOCKS = YES;
				GCC_OPTIMIZATION_LEVEL = 0;
				GCC_PREPROCESSOR_DEFINITIONS = (
					"DEBUG=1",
					"$(inherited)",
				);
				GCC_WARN_64_TO_32_BIT_CONVERSION = YES;
				GCC_WARN_ABOUT_RETURN_TYPE = YES_ERROR;
				GCC_WARN_UNDECLARED_SELECTOR = YES;
				GCC_WARN_UNINITIALIZED_AUTOS = YES_AGGRESSIVE;
				GCC_WARN_UNUSED_FUNCTION = YES;
				GCC_WARN_UNUSED_VARIABLE = YES;
				IPHONEOS_DEPLOYMENT_TARGET = 18.2;
				LOCALIZATION_PREFERS_STRING_CATALOGS = YES;
				MTL_ENABLE_DEBUG_INFO = INCLUDE_SOURCE;
				MTL_FAST_MATH = YES;
				ONLY_ACTIVE_ARCH = YES;
				SDKROOT = iphoneos;
				SWIFT_ACTIVE_COMPILATION_CONDITIONS = "DEBUG $(inherited)";
				SWIFT_OPTIMIZATION_LEVEL = "-Onone";
			};
			name = Debug;
		};
		5A4D86C32DFC669F0087C944 /* Release */ = {
			isa = XCBuildConfiguration;
			buildSettings = {
				ALWAYS_SEARCH_USER_PATHS = NO;
				ASSETCATALOG_COMPILER_GENERATE_SWIFT_ASSET_SYMBOL_EXTENSIONS = YES;
				CLANG_ANALYZER_NONNULL = YES;
				CLANG_ANALYZER_NUMBER_OBJECT_CONVERSION = YES_AGGRESSIVE;
				CLANG_CXX_LANGUAGE_STANDARD = "gnu++20";
				CLANG_ENABLE_MODULES = YES;
				CLANG_ENABLE_OBJC_ARC = YES;
				CLANG_ENABLE_OBJC_WEAK = YES;
				CLANG_WARN_BLOCK_CAPTURE_AUTORELEASING = YES;
				CLANG_WARN_BOOL_CONVERSION = YES;
				CLANG_WARN_COMMA = YES;
				CLANG_WARN_CONSTANT_CONVERSION = YES;
				CLANG_WARN_DEPRECATED_OBJC_IMPLEMENTATIONS = YES;
				CLANG_WARN_DIRECT_OBJC_ISA_USAGE = YES_ERROR;
				CLANG_WARN_DOCUMENTATION_COMMENTS = YES;
				CLANG_WARN_EMPTY_BODY = YES;
				CLANG_WARN_ENUM_CONVERSION = YES;
				CLANG_WARN_INFINITE_RECURSION = YES;
				CLANG_WARN_INT_CONVERSION = YES;
				CLANG_WARN_NON_LITERAL_NULL_CONVERSION = YES;
				CLANG_WARN_OBJC_IMPLICIT_RETAIN_SELF = YES;
				CLANG_WARN_OBJC_LITERAL_CONVERSION = YES;
				CLANG_WARN_OBJC_ROOT_CLASS = YES_ERROR;
				CLANG_WARN_QUOTED_INCLUDE_IN_FRAMEWORK_HEADER = YES;
				CLANG_WARN_RANGE_LOOP_ANALYSIS = YES;
				CLANG_WARN_STRICT_PROTOTYPES = YES;
				CLANG_WARN_SUSPICIOUS_MOVE = YES;
				CLANG_WARN_UNGUARDED_AVAILABILITY = YES_AGGRESSIVE;
				CLANG_WARN_UNREACHABLE_CODE = YES;
				CLANG_WARN__DUPLICATE_METHOD_MATCH = YES;
				COPY_PHASE_STRIP = NO;
				DEBUG_INFORMATION_FORMAT = "dwarf-with-dsym";
				ENABLE_NS_ASSERTIONS = NO;
				ENABLE_STRICT_OBJC_MSGSEND = YES;
				ENABLE_USER_SCRIPT_SANDBOXING = YES;
				GCC_C_LANGUAGE_STANDARD = gnu17;
				GCC_NO_COMMON_BLOCKS = YES;
				GCC_WARN_64_TO_32_BIT_CONVERSION = YES;
				GCC_WARN_ABOUT_RETURN_TYPE = YES_ERROR;
				GCC_WARN_UNDECLARED_SELECTOR = YES;
				GCC_WARN_UNINITIALIZED_AUTOS = YES_AGGRESSIVE;
				GCC_WARN_UNUSED_FUNCTION = YES;
				GCC_WARN_UNUSED_VARIABLE = YES;
				IPHONEOS_DEPLOYMENT_TARGET = 18.2;
				LOCALIZATION_PREFERS_STRING_CATALOGS = YES;
				MTL_ENABLE_DEBUG_INFO = NO;
				MTL_FAST_MATH = YES;
				SDKROOT = iphoneos;
				SWIFT_COMPILATION_MODE = wholemodule;
				VALIDATE_PRODUCT = YES;
			};
			name = Release;
		};
		5A4D86C52DFC669F0087C944 /* Debug */ = {
			isa = XCBuildConfiguration;
			buildSettings = {
				ASSETCATALOG_COMPILER_APPICON_NAME = AppIcon;
				ASSETCATALOG_COMPILER_GLOBAL_ACCENT_COLOR_NAME = AccentColor;
				CODE_SIGN_STYLE = Automatic;
				CURRENT_PROJECT_VERSION = 1;
				DEVELOPMENT_ASSET_PATHS = "\"CESDKDemo/Preview Content\"";
				DEVELOPMENT_TEAM = D6BX87G4M9;
				ENABLE_PREVIEWS = YES;
				GENERATE_INFOPLIST_FILE = YES;
				INFOPLIST_KEY_UIApplicationSceneManifest_Generation = YES;
				INFOPLIST_KEY_UIApplicationSupportsIndirectInputEvents = YES;
				INFOPLIST_KEY_UILaunchScreen_Generation = YES;
				INFOPLIST_KEY_UISupportedInterfaceOrientations_iPad = "UIInterfaceOrientationPortrait UIInterfaceOrientationPortraitUpsideDown UIInterfaceOrientationLandscapeLeft UIInterfaceOrientationLandscapeRight";
				INFOPLIST_KEY_UISupportedInterfaceOrientations_iPhone = "UIInterfaceOrientationPortrait UIInterfaceOrientationLandscapeLeft UIInterfaceOrientationLandscapeRight";
				LD_RUNPATH_SEARCH_PATHS = (
					"$(inherited)",
					"@executable_path/Frameworks",
				);
				MARKETING_VERSION = 1.0;
				PRODUCT_BUNDLE_IDENTIFIER = com.joe.cesdkdemo.CESDKDemo;
				PRODUCT_NAME = "$(TARGET_NAME)";
				SWIFT_EMIT_LOC_STRINGS = YES;
				SWIFT_VERSION = 5.0;
				TARGETED_DEVICE_FAMILY = "1,2";
			};
			name = Debug;
		};
		5A4D86C62DFC669F0087C944 /* Release */ = {
			isa = XCBuildConfiguration;
			buildSettings = {
				ASSETCATALOG_COMPILER_APPICON_NAME = AppIcon;
				ASSETCATALOG_COMPILER_GLOBAL_ACCENT_COLOR_NAME = AccentColor;
				CODE_SIGN_STYLE = Automatic;
				CURRENT_PROJECT_VERSION = 1;
				DEVELOPMENT_ASSET_PATHS = "\"CESDKDemo/Preview Content\"";
				DEVELOPMENT_TEAM = D6BX87G4M9;
				ENABLE_PREVIEWS = YES;
				GENERATE_INFOPLIST_FILE = YES;
				INFOPLIST_KEY_UIApplicationSceneManifest_Generation = YES;
				INFOPLIST_KEY_UIApplicationSupportsIndirectInputEvents = YES;
				INFOPLIST_KEY_UILaunchScreen_Generation = YES;
				INFOPLIST_KEY_UISupportedInterfaceOrientations_iPad = "UIInterfaceOrientationPortrait UIInterfaceOrientationPortraitUpsideDown UIInterfaceOrientationLandscapeLeft UIInterfaceOrientationLandscapeRight";
				INFOPLIST_KEY_UISupportedInterfaceOrientations_iPhone = "UIInterfaceOrientationPortrait UIInterfaceOrientationLandscapeLeft UIInterfaceOrientationLandscapeRight";
				LD_RUNPATH_SEARCH_PATHS = (
					"$(inherited)",
					"@executable_path/Frameworks",
				);
				MARKETING_VERSION = 1.0;
				PRODUCT_BUNDLE_IDENTIFIER = com.joe.cesdkdemo.CESDKDemo;
				PRODUCT_NAME = "$(TARGET_NAME)";
				SWIFT_EMIT_LOC_STRINGS = YES;
				SWIFT_VERSION = 5.0;
				TARGETED_DEVICE_FAMILY = "1,2";
			};
			name = Release;
		};
		5A4D86C82DFC669F0087C944 /* Debug */ = {
			isa = XCBuildConfiguration;
			buildSettings = {
				BUNDLE_LOADER = "$(TEST_HOST)";
				CODE_SIGN_STYLE = Automatic;
				CURRENT_PROJECT_VERSION = 1;
				DEVELOPMENT_TEAM = D6BX87G4M9;
				GENERATE_INFOPLIST_FILE = YES;
				IPHONEOS_DEPLOYMENT_TARGET = 18.2;
				MARKETING_VERSION = 1.0;
				PRODUCT_BUNDLE_IDENTIFIER = com.joe.cesdkdemo.CESDKDemoTests;
				PRODUCT_NAME = "$(TARGET_NAME)";
				SWIFT_EMIT_LOC_STRINGS = NO;
				SWIFT_VERSION = 5.0;
				TARGETED_DEVICE_FAMILY = "1,2";
				TEST_HOST = "$(BUILT_PRODUCTS_DIR)/CESDKDemo.app/$(BUNDLE_EXECUTABLE_FOLDER_PATH)/CESDKDemo";
			};
			name = Debug;
		};
		5A4D86C92DFC669F0087C944 /* Release */ = {
			isa = XCBuildConfiguration;
			buildSettings = {
				BUNDLE_LOADER = "$(TEST_HOST)";
				CODE_SIGN_STYLE = Automatic;
				CURRENT_PROJECT_VERSION = 1;
				DEVELOPMENT_TEAM = D6BX87G4M9;
				GENERATE_INFOPLIST_FILE = YES;
				IPHONEOS_DEPLOYMENT_TARGET = 18.2;
				MARKETING_VERSION = 1.0;
				PRODUCT_BUNDLE_IDENTIFIER = com.joe.cesdkdemo.CESDKDemoTests;
				PRODUCT_NAME = "$(TARGET_NAME)";
				SWIFT_EMIT_LOC_STRINGS = NO;
				SWIFT_VERSION = 5.0;
				TARGETED_DEVICE_FAMILY = "1,2";
				TEST_HOST = "$(BUILT_PRODUCTS_DIR)/CESDKDemo.app/$(BUNDLE_EXECUTABLE_FOLDER_PATH)/CESDKDemo";
			};
			name = Release;
		};
		5A4D86CB2DFC669F0087C944 /* Debug */ = {
			isa = XCBuildConfiguration;
			buildSettings = {
				CODE_SIGN_STYLE = Automatic;
				CURRENT_PROJECT_VERSION = 1;
				DEVELOPMENT_TEAM = D6BX87G4M9;
				GENERATE_INFOPLIST_FILE = YES;
				MARKETING_VERSION = 1.0;
				PRODUCT_BUNDLE_IDENTIFIER = com.joe.cesdkdemo.CESDKDemoUITests;
				PRODUCT_NAME = "$(TARGET_NAME)";
				SWIFT_EMIT_LOC_STRINGS = NO;
				SWIFT_VERSION = 5.0;
				TARGETED_DEVICE_FAMILY = "1,2";
				TEST_TARGET_NAME = CESDKDemo;
			};
			name = Debug;
		};
		5A4D86CC2DFC669F0087C944 /* Release */ = {
			isa = XCBuildConfiguration;
			buildSettings = {
				CODE_SIGN_STYLE = Automatic;
				CURRENT_PROJECT_VERSION = 1;
				DEVELOPMENT_TEAM = D6BX87G4M9;
				GENERATE_INFOPLIST_FILE = YES;
				MARKETING_VERSION = 1.0;
				PRODUCT_BUNDLE_IDENTIFIER = com.joe.cesdkdemo.CESDKDemoUITests;
				PRODUCT_NAME = "$(TARGET_NAME)";
				SWIFT_EMIT_LOC_STRINGS = NO;
				SWIFT_VERSION = 5.0;
				TARGETED_DEVICE_FAMILY = "1,2";
				TEST_TARGET_NAME = CESDKDemo;
			};
			name = Release;
		};
/* End XCBuildConfiguration section */

/* Begin XCConfigurationList section */
		5A4D869B2DFC669E0087C944 /* Build configuration list for PBXProject "CESDKDemo" */ = {
			isa = XCConfigurationList;
			buildConfigurations = (
				5A4D86C22DFC669F0087C944 /* Debug */,
				5A4D86C32DFC669F0087C944 /* Release */,
			);
			defaultConfigurationIsVisible = 0;
			defaultConfigurationName = Release;
		};
		5A4D86C42DFC669F0087C944 /* Build configuration list for PBXNativeTarget "CESDKDemo" */ = {
			isa = XCConfigurationList;
			buildConfigurations = (
				5A4D86C52DFC669F0087C944 /* Debug */,
				5A4D86C62DFC669F0087C944 /* Release */,
			);
			defaultConfigurationIsVisible = 0;
			defaultConfigurationName = Release;
		};
		5A4D86C72DFC669F0087C944 /* Build configuration list for PBXNativeTarget "CESDKDemoTests" */ = {
			isa = XCConfigurationList;
			buildConfigurations = (
				5A4D86C82DFC669F0087C944 /* Debug */,
				5A4D86C92DFC669F0087C944 /* Release */,
			);
			defaultConfigurationIsVisible = 0;
			defaultConfigurationName = Release;
		};
		5A4D86CA2DFC669F0087C944 /* Build configuration list for PBXNativeTarget "CESDKDemoUITests" */ = {
			isa = XCConfigurationList;
			buildConfigurations = (
				5A4D86CB2DFC669F0087C944 /* Debug */,
				5A4D86CC2DFC669F0087C944 /* Release */,
			);
			defaultConfigurationIsVisible = 0;
			defaultConfigurationName = Release;
		};
/* End XCConfigurationList section */
	};
	rootObject = 5A4D86982DFC669E0087C944 /* Project object */;
}
